{
  "version": 4,
  "terraform_version": "1.5.6",
  "serial": 4,
  "lineage": "2680cdce-8739-f82c-e96a-828f9d432357",
  "outputs": {
    "image_id": {
      "value": "/subscriptions/e2c7cd99-c3c5-4a90-9109-02e7d50f8311/resourceGroups/Azuredevops/providers/Microsoft.Compute/images/PackerImageTest",
      "type": "string"
    }
  },
  "resources": [
    {
      "mode": "data",
      "type": "azurerm_image",
      "name": "packerimage",
      "provider": "provider[\"registry.terraform.io/hashicorp/azurerm\"]",
      "instances": []
    },
    {
      "mode": "managed",
      "type": "azurerm_availability_set",
      "name": "udacity_availability_set",
      "provider": "provider[\"registry.terraform.io/hashicorp/azurerm\"]",
      "instances": []
    },
    {
      "mode": "managed",
      "type": "azurerm_lb",
      "name": "udacity_lb",
      "provider": "provider[\"registry.terraform.io/hashicorp/azurerm\"]",
      "instances": []
    },
    {
      "mode": "managed",
      "type": "azurerm_lb_backend_address_pool",
      "name": "udacity_backend_pool",
      "provider": "provider[\"registry.terraform.io/hashicorp/azurerm\"]",
      "instances": []
    },
    {
      "mode": "managed",
      "type": "azurerm_network_interface",
      "name": "udacity_nic",
      "provider": "provider[\"registry.terraform.io/hashicorp/azurerm\"]",
      "instances": []
    },
    {
      "mode": "managed",
      "type": "azurerm_network_security_group",
      "name": "udacity_nsg",
      "provider": "provider[\"registry.terraform.io/hashicorp/azurerm\"]",
      "instances": []
    },
    {
      "mode": "managed",
      "type": "azurerm_network_security_rule",
      "name": "deny_internet",
      "provider": "provider[\"registry.terraform.io/hashicorp/azurerm\"]",
      "instances": []
    },
    {
      "mode": "managed",
      "type": "azurerm_public_ip",
      "name": "udacity_public_ip",
      "provider": "provider[\"registry.terraform.io/hashicorp/azurerm\"]",
      "instances": []
    },
    {
      "mode": "managed",
      "type": "azurerm_resource_group",
      "name": "RGTest",
      "provider": "provider[\"registry.terraform.io/hashicorp/azurerm\"]",
      "instances": [
        {
          "schema_version": 0,
          "attributes": {
            "id": "/subscriptions/e2c7cd99-c3c5-4a90-9109-02e7d50f8311/resourceGroups/Azuredevops",
            "location": "southcentralus",
            "managed_by": "",
            "name": "Azuredevops",
            "tags": {
              "DeploymentId": "271277",
              "LaunchId": "1346",
              "LaunchType": "ON_DEMAND_LAB",
              "TemplateId": "1181",
              "TenantId": "203"
            },
            "timeouts": null
          },
          "sensitive_attributes": [],
          "private": "eyJlMmJmYjczMC1lY2FhLTExZTYtOGY4OC0zNDM2M2JjN2M0YzAiOnsiY3JlYXRlIjo1NDAwMDAwMDAwMDAwLCJkZWxldGUiOjU0MDAwMDAwMDAwMDAsInJlYWQiOjMwMDAwMDAwMDAwMCwidXBkYXRlIjo1NDAwMDAwMDAwMDAwfSwic2NoZW1hX3ZlcnNpb24iOiIwIn0="
        }
      ]
    },
    {
      "mode": "managed",
      "type": "azurerm_subnet",
      "name": "udacity_subnet_test",
      "provider": "provider[\"registry.terraform.io/hashicorp/azurerm\"]",
      "instances": []
    },
    {
      "mode": "managed",
      "type": "azurerm_virtual_machine",
      "name": "vm_udacity",
      "provider": "provider[\"registry.terraform.io/hashicorp/azurerm\"]",
      "instances": []
    },
    {
      "mode": "managed",
      "type": "azurerm_virtual_network",
      "name": "udacity_vnet_test",
      "provider": "provider[\"registry.terraform.io/hashicorp/azurerm\"]",
      "instances": []
    }
  ],
  "check_results": null
}
